
Microsoft Visual Studio Solution File, Format Version 12.00
# Visual Studio Version 16
VisualStudioVersion = 16.0.30621.155
MinimumVisualStudioVersion = 10.0.40219.1
Project("{9A19103F-16F7-4668-BE54-9A1E7A4F7556}") = "SpecPattern.Api", "SpecPattern.Api\SpecPattern.Api.csproj", "{C1D56E0A-0B94-4187-B40C-5EB6AF2E1B41}"
EndProject
Project("{FAE04EC0-301F-11D3-BF4B-00C04F79EFBC}") = "SpecPattern.Domain", "SpecPattern.Domain\SpecPattern.Domain.csproj", "{5FC0DD3D-A5E1-4DC8-9C85-2DD75F472DFE}"
EndProject
Project("{FAE04EC0-301F-11D3-BF4B-00C04F79EFBC}") = "SpecPattern.Infrastructure", "SpecPattern.Infrastructure\SpecPattern.Infrastructure.csproj", "{2A5C3964-22A4-4CC1-B57D-096861317E12}"
EndProject
Global
	GlobalSection(SolutionConfigurationPlatforms) = preSolution
		Debug|Any CPU = Debug|Any CPU
		Release|Any CPU = Release|Any CPU
	EndGlobalSection
	GlobalSection(ProjectConfigurationPlatforms) = postSolution
		{C1D56E0A-0B94-4187-B40C-5EB6AF2E1B41}.Debug|Any CPU.ActiveCfg = Debug|Any CPU
		{C1D56E0A-0B94-4187-B40C-5EB6AF2E1B41}.Debug|Any CPU.Build.0 = Debug|Any CPU
		{C1D56E0A-0B94-4187-B40C-5EB6AF2E1B41}.Release|Any CPU.ActiveCfg = Release|Any CPU
		{C1D56E0A-0B94-4187-B40C-5EB6AF2E1B41}.Release|Any CPU.Build.0 = Release|Any CPU
		{5FC0DD3D-A5E1-4DC8-9C85-2DD75F472DFE}.Debug|Any CPU.ActiveCfg = Debug|Any CPU
		{5FC0DD3D-A5E1-4DC8-9C85-2DD75F472DFE}.Debug|Any CPU.Build.0 = Debug|Any CPU
		{5FC0DD3D-A5E1-4DC8-9C85-2DD75F472DFE}.Release|Any CPU.ActiveCfg = Release|Any CPU
		{5FC0DD3D-A5E1-4DC8-9C85-2DD75F472DFE}.Release|Any CPU.Build.0 = Release|Any CPU
		{2A5C3964-22A4-4CC1-B57D-096861317E12}.Debug|Any CPU.ActiveCfg = Debug|Any CPU
		{2A5C3964-22A4-4CC1-B57D-096861317E12}.Debug|Any CPU.Build.0 = Debug|Any CPU
		{2A5C3964-22A4-4CC1-B57D-096861317E12}.Release|Any CPU.ActiveCfg = Release|Any CPU
		{2A5C3964-22A4-4CC1-B57D-096861317E12}.Release|Any CPU.Build.0 = Release|Any CPU
	EndGlobalSection
	GlobalSection(SolutionProperties) = preSolution
		HideSolutionNode = FALSE
	EndGlobalSection
	GlobalSection(ExtensibilityGlobals) = postSolution
		SolutionGuid = {2DD76FF5-F595-4153-8053-55FBCC4BB695}
	EndGlobalSection
EndGlobal
